// !$*UTF8*$!
{
	archiveVersion = 1;
	classes = {
	};
	objectVersion = 46;
	objects = {

/* Begin PBXBuildFile section */
		6C2041A51B1D0EF700D5D198 /* EventService.swift in Sources */ = {isa = PBXBuildFile; fileRef = 6C2041A11B1D0EF700D5D198 /* EventService.swift */; };
		6C2041A61B1D0EF700D5D198 /* Settings.swift in Sources */ = {isa = PBXBuildFile; fileRef = 6C2041A21B1D0EF700D5D198 /* Settings.swift */; };
		6C2041A71B1D0EF700D5D198 /* User Data Model.xcdatamodeld in Sources */ = {isa = PBXBuildFile; fileRef = 6C2041A31B1D0EF700D5D198 /* User Data Model.xcdatamodeld */; };
		6C2041A91B1D0F0700D5D198 /* backend in Resources */ = {isa = PBXBuildFile; fileRef = 6C2041A81B1D0F0700D5D198 /* backend */; };
		6C2456161B0B6FCC005DB245 /* AppDelegate.swift in Sources */ = {isa = PBXBuildFile; fileRef = 6C2456151B0B6FCC005DB245 /* AppDelegate.swift */; };
		6C24561D1B0B6FCC005DB245 /* Main.storyboard in Resources */ = {isa = PBXBuildFile; fileRef = 6C24561B1B0B6FCC005DB245 /* Main.storyboard */; };
		6C24561F1B0B6FCC005DB245 /* Images.xcassets in Resources */ = {isa = PBXBuildFile; fileRef = 6C24561E1B0B6FCC005DB245 /* Images.xcassets */; };
		6C2456221B0B6FCC005DB245 /* LaunchScreen.xib in Resources */ = {isa = PBXBuildFile; fileRef = 6C2456201B0B6FCC005DB245 /* LaunchScreen.xib */; };
		6C24562E1B0B6FCC005DB245 /* Imperial_ConnectionsTests.swift in Sources */ = {isa = PBXBuildFile; fileRef = 6C24562D1B0B6FCC005DB245 /* Imperial_ConnectionsTests.swift */; };
		6C4C98A91B16276B00CBA12E /* EventCell.swift in Sources */ = {isa = PBXBuildFile; fileRef = 6C4C98A81B16276B00CBA12E /* EventCell.swift */; };
		6C569EF01B1907960052CF75 /* EventCollectionController.swift in Sources */ = {isa = PBXBuildFile; fileRef = 6C569EEF1B1907960052CF75 /* EventCollectionController.swift */; };
		6C5910E21B147DCF00CA4F83 /* User.swift in Sources */ = {isa = PBXBuildFile; fileRef = 6C5910E11B147DCF00CA4F83 /* User.swift */; };
		6C5910E41B147F4100CA4F83 /* Event.swift in Sources */ = {isa = PBXBuildFile; fileRef = 6C5910E31B147F4100CA4F83 /* Event.swift */; };
		6C5910E81B1481A200CA4F83 /* Category.swift in Sources */ = {isa = PBXBuildFile; fileRef = 6C5910E71B1481A200CA4F83 /* Category.swift */; };
		6C5D7A091B1DDFA700C2C26E /* MessageCell.swift in Sources */ = {isa = PBXBuildFile; fileRef = 6C5D7A081B1DDFA700C2C26E /* MessageCell.swift */; };
		6C742B671B11F81700441707 /* HubController.swift in Sources */ = {isa = PBXBuildFile; fileRef = 6C742B661B11F81700441707 /* HubController.swift */; };
		6CA783D61B19D3B3008DF4D9 /* MyEventsController.swift in Sources */ = {isa = PBXBuildFile; fileRef = 6CA783D51B19D3B3008DF4D9 /* MyEventsController.swift */; };
		6CA783D81B19DBB7008DF4D9 /* EventDetailController.swift in Sources */ = {isa = PBXBuildFile; fileRef = 6CA783D71B19DBB7008DF4D9 /* EventDetailController.swift */; };
		6CDF395B1B136B7F001CDF13 /* NewPostController.swift in Sources */ = {isa = PBXBuildFile; fileRef = 6CDF395A1B136B7F001CDF13 /* NewPostController.swift */; };
		6CDF395D1B138BD2001CDF13 /* SettingsController.swift in Sources */ = {isa = PBXBuildFile; fileRef = 6CDF395C1B138BD2001CDF13 /* SettingsController.swift */; };
		6CF92F241B1C958D0001EAF1 /* Message.swift in Sources */ = {isa = PBXBuildFile; fileRef = 6CF92F231B1C958D0001EAF1 /* Message.swift */; };
		6CF92F261B1C962E0001EAF1 /* Chatroom.swift in Sources */ = {isa = PBXBuildFile; fileRef = 6CF92F251B1C962D0001EAF1 /* Chatroom.swift */; };
		6CF92F281B1C9C3F0001EAF1 /* ChatViewController.swift in Sources */ = {isa = PBXBuildFile; fileRef = 6CF92F271B1C9C3F0001EAF1 /* ChatViewController.swift */; };
		6CF92F2A1B1CA8A10001EAF1 /* ChatroomTableController.swift in Sources */ = {isa = PBXBuildFile; fileRef = 6CF92F291B1CA8A10001EAF1 /* ChatroomTableController.swift */; };
		6CF92F2C1B1CA9330001EAF1 /* ChatroomTableCell.swift in Sources */ = {isa = PBXBuildFile; fileRef = 6CF92F2B1B1CA9330001EAF1 /* ChatroomTableCell.swift */; };
		6CF92F2E1B1CABED0001EAF1 /* TestHomeScreenController.swift in Sources */ = {isa = PBXBuildFile; fileRef = 6CF92F2D1B1CABED0001EAF1 /* TestHomeScreenController.swift */; };
		6CF92F301B1CB2240001EAF1 /* CategoryCell.swift in Sources */ = {isa = PBXBuildFile; fileRef = 6CF92F2F1B1CB2240001EAF1 /* CategoryCell.swift */; };
		6CF92F321B1CBD1D0001EAF1 /* CategoryCollectionCell.swift in Sources */ = {isa = PBXBuildFile; fileRef = 6CF92F311B1CBD1D0001EAF1 /* CategoryCollectionCell.swift */; };
		6CF92F341B1CBE2E0001EAF1 /* ManageSubscriptionController.swift in Sources */ = {isa = PBXBuildFile; fileRef = 6CF92F331B1CBE2E0001EAF1 /* ManageSubscriptionController.swift */; };
		A09EAE9E1B1F53BA00D8BE93 /* Model.xcdatamodeld in Sources */ = {isa = PBXBuildFile; fileRef = A09EAE9C1B1F53BA00D8BE93 /* Model.xcdatamodeld */; };
/* End PBXBuildFile section */

/* Begin PBXContainerItemProxy section */
		6C2456281B0B6FCC005DB245 /* PBXContainerItemProxy */ = {
			isa = PBXContainerItemProxy;
			containerPortal = 6C2456081B0B6FCB005DB245 /* Project object */;
			proxyType = 1;
			remoteGlobalIDString = 6C24560F1B0B6FCB005DB245;
			remoteInfo = "Imperial Connections";
		};
/* End PBXContainerItemProxy section */

/* Begin PBXFileReference section */
		6C2041A11B1D0EF700D5D198 /* EventService.swift */ = {isa = PBXFileReference; fileEncoding = 4; lastKnownFileType = sourcecode.swift; path = EventService.swift; sourceTree = "<group>"; };
		6C2041A21B1D0EF700D5D198 /* Settings.swift */ = {isa = PBXFileReference; fileEncoding = 4; lastKnownFileType = sourcecode.swift; path = Settings.swift; sourceTree = "<group>"; };
		6C2041A41B1D0EF700D5D198 /* User Data Model.xcdatamodel */ = {isa = PBXFileReference; lastKnownFileType = wrapper.xcdatamodel; path = "User Data Model.xcdatamodel"; sourceTree = "<group>"; };
		6C2041A81B1D0F0700D5D198 /* backend */ = {isa = PBXFileReference; lastKnownFileType = folder; path = backend; sourceTree = SOURCE_ROOT; };
		6C2456101B0B6FCC005DB245 /* Imperial Connections.app */ = {isa = PBXFileReference; explicitFileType = wrapper.application; includeInIndex = 0; path = "Imperial Connections.app"; sourceTree = BUILT_PRODUCTS_DIR; };
		6C2456141B0B6FCC005DB245 /* Info.plist */ = {isa = PBXFileReference; lastKnownFileType = text.plist.xml; path = Info.plist; sourceTree = "<group>"; };
		6C2456151B0B6FCC005DB245 /* AppDelegate.swift */ = {isa = PBXFileReference; lastKnownFileType = sourcecode.swift; path = AppDelegate.swift; sourceTree = "<group>"; };
		6C24561C1B0B6FCC005DB245 /* Base */ = {isa = PBXFileReference; lastKnownFileType = file.storyboard; name = Base; path = Base.lproj/Main.storyboard; sourceTree = "<group>"; };
		6C24561E1B0B6FCC005DB245 /* Images.xcassets */ = {isa = PBXFileReference; lastKnownFileType = folder.assetcatalog; path = Images.xcassets; sourceTree = "<group>"; };
		6C2456211B0B6FCC005DB245 /* Base */ = {isa = PBXFileReference; lastKnownFileType = file.xib; name = Base; path = Base.lproj/LaunchScreen.xib; sourceTree = "<group>"; };
		6C2456271B0B6FCC005DB245 /* Imperial ConnectionsTests.xctest */ = {isa = PBXFileReference; explicitFileType = wrapper.cfbundle; includeInIndex = 0; path = "Imperial ConnectionsTests.xctest"; sourceTree = BUILT_PRODUCTS_DIR; };
		6C24562C1B0B6FCC005DB245 /* Info.plist */ = {isa = PBXFileReference; lastKnownFileType = text.plist.xml; path = Info.plist; sourceTree = "<group>"; };
		6C24562D1B0B6FCC005DB245 /* Imperial_ConnectionsTests.swift */ = {isa = PBXFileReference; lastKnownFileType = sourcecode.swift; path = Imperial_ConnectionsTests.swift; sourceTree = "<group>"; };
		6C4C98A81B16276B00CBA12E /* EventCell.swift */ = {isa = PBXFileReference; fileEncoding = 4; lastKnownFileType = sourcecode.swift; path = EventCell.swift; sourceTree = "<group>"; };
		6C569EEF1B1907960052CF75 /* EventCollectionController.swift */ = {isa = PBXFileReference; fileEncoding = 4; lastKnownFileType = sourcecode.swift; path = EventCollectionController.swift; sourceTree = "<group>"; };
		6C5910E11B147DCF00CA4F83 /* User.swift */ = {isa = PBXFileReference; fileEncoding = 4; lastKnownFileType = sourcecode.swift; path = User.swift; sourceTree = "<group>"; };
		6C5910E31B147F4100CA4F83 /* Event.swift */ = {isa = PBXFileReference; fileEncoding = 4; lastKnownFileType = sourcecode.swift; path = Event.swift; sourceTree = "<group>"; };
		6C5910E71B1481A200CA4F83 /* Category.swift */ = {isa = PBXFileReference; fileEncoding = 4; lastKnownFileType = sourcecode.swift; path = Category.swift; sourceTree = "<group>"; };
		6C5D7A081B1DDFA700C2C26E /* MessageCell.swift */ = {isa = PBXFileReference; fileEncoding = 4; lastKnownFileType = sourcecode.swift; path = MessageCell.swift; sourceTree = "<group>"; };
		6C742B661B11F81700441707 /* HubController.swift */ = {isa = PBXFileReference; fileEncoding = 4; lastKnownFileType = sourcecode.swift; name = HubController.swift; path = ../HubController.swift; sourceTree = "<group>"; };
		6CA783D51B19D3B3008DF4D9 /* MyEventsController.swift */ = {isa = PBXFileReference; fileEncoding = 4; lastKnownFileType = sourcecode.swift; path = MyEventsController.swift; sourceTree = "<group>"; };
		6CA783D71B19DBB7008DF4D9 /* EventDetailController.swift */ = {isa = PBXFileReference; fileEncoding = 4; lastKnownFileType = sourcecode.swift; path = EventDetailController.swift; sourceTree = "<group>"; };
		6CDF395A1B136B7F001CDF13 /* NewPostController.swift */ = {isa = PBXFileReference; fileEncoding = 4; lastKnownFileType = sourcecode.swift; path = NewPostController.swift; sourceTree = "<group>"; };
		6CDF395C1B138BD2001CDF13 /* SettingsController.swift */ = {isa = PBXFileReference; fileEncoding = 4; lastKnownFileType = sourcecode.swift; path = SettingsController.swift; sourceTree = "<group>"; };
		6CF92F231B1C958D0001EAF1 /* Message.swift */ = {isa = PBXFileReference; fileEncoding = 4; lastKnownFileType = sourcecode.swift; path = Message.swift; sourceTree = "<group>"; };
		6CF92F251B1C962D0001EAF1 /* Chatroom.swift */ = {isa = PBXFileReference; fileEncoding = 4; lastKnownFileType = sourcecode.swift; path = Chatroom.swift; sourceTree = "<group>"; };
		6CF92F271B1C9C3F0001EAF1 /* ChatViewController.swift */ = {isa = PBXFileReference; fileEncoding = 4; lastKnownFileType = sourcecode.swift; path = ChatViewController.swift; sourceTree = "<group>"; };
		6CF92F291B1CA8A10001EAF1 /* ChatroomTableController.swift */ = {isa = PBXFileReference; fileEncoding = 4; lastKnownFileType = sourcecode.swift; path = ChatroomTableController.swift; sourceTree = "<group>"; };
		6CF92F2B1B1CA9330001EAF1 /* ChatroomTableCell.swift */ = {isa = PBXFileReference; fileEncoding = 4; lastKnownFileType = sourcecode.swift; path = ChatroomTableCell.swift; sourceTree = "<group>"; };
		6CF92F2D1B1CABED0001EAF1 /* TestHomeScreenController.swift */ = {isa = PBXFileReference; fileEncoding = 4; lastKnownFileType = sourcecode.swift; path = TestHomeScreenController.swift; sourceTree = "<group>"; };
		6CF92F2F1B1CB2240001EAF1 /* CategoryCell.swift */ = {isa = PBXFileReference; fileEncoding = 4; lastKnownFileType = sourcecode.swift; path = CategoryCell.swift; sourceTree = "<group>"; };
		6CF92F311B1CBD1D0001EAF1 /* CategoryCollectionCell.swift */ = {isa = PBXFileReference; fileEncoding = 4; lastKnownFileType = sourcecode.swift; path = CategoryCollectionCell.swift; sourceTree = "<group>"; };
		6CF92F331B1CBE2E0001EAF1 /* ManageSubscriptionController.swift */ = {isa = PBXFileReference; fileEncoding = 4; lastKnownFileType = sourcecode.swift; path = ManageSubscriptionController.swift; sourceTree = "<group>"; };
		A09EAE9D1B1F53BA00D8BE93 /* Model.xcdatamodel */ = {isa = PBXFileReference; lastKnownFileType = wrapper.xcdatamodel; path = Model.xcdatamodel; sourceTree = "<group>"; };
/* End PBXFileReference section */

/* Begin PBXFrameworksBuildPhase section */
		6C24560D1B0B6FCB005DB245 /* Frameworks */ = {
			isa = PBXFrameworksBuildPhase;
			buildActionMask = 2147483647;
			files = (
			);
			runOnlyForDeploymentPostprocessing = 0;
		};
		6C2456241B0B6FCC005DB245 /* Frameworks */ = {
			isa = PBXFrameworksBuildPhase;
			buildActionMask = 2147483647;
			files = (
			);
			runOnlyForDeploymentPostprocessing = 0;
		};
/* End PBXFrameworksBuildPhase section */

/* Begin PBXGroup section */
		6C2456071B0B6FCB005DB245 = {
			isa = PBXGroup;
			children = (
				6C2456121B0B6FCC005DB245 /* Imperial Connections */,
				6C24562A1B0B6FCC005DB245 /* Imperial ConnectionsTests */,
				6C2456111B0B6FCC005DB245 /* Products */,
			);
			sourceTree = "<group>";
		};
		6C2456111B0B6FCC005DB245 /* Products */ = {
			isa = PBXGroup;
			children = (
				6C2456101B0B6FCC005DB245 /* Imperial Connections.app */,
				6C2456271B0B6FCC005DB245 /* Imperial ConnectionsTests.xctest */,
			);
			name = Products;
			sourceTree = "<group>";
		};
		6C2456121B0B6FCC005DB245 /* Imperial Connections */ = {
			isa = PBXGroup;
			children = (
				6C5D7A0A1B1DE0A000C2C26E /* ClassFiles */,
				6C2456151B0B6FCC005DB245 /* AppDelegate.swift */,
				6C2041A81B1D0F0700D5D198 /* backend */,
				6CF92F2F1B1CB2240001EAF1 /* CategoryCell.swift */,
				6CF92F311B1CBD1D0001EAF1 /* CategoryCollectionCell.swift */,
				6CF92F271B1C9C3F0001EAF1 /* ChatViewController.swift */,
				6C4C98A81B16276B00CBA12E /* EventCell.swift */,
				6C569EEF1B1907960052CF75 /* EventCollectionController.swift */,
				6CA783D71B19DBB7008DF4D9 /* EventDetailController.swift */,
				6C742B661B11F81700441707 /* HubController.swift */,
				6C24561E1B0B6FCC005DB245 /* Images.xcassets */,
				6C2456201B0B6FCC005DB245 /* LaunchScreen.xib */,
				6C24561B1B0B6FCC005DB245 /* Main.storyboard */,
				6CF92F331B1CBE2E0001EAF1 /* ManageSubscriptionController.swift */,
				6C5D7A081B1DDFA700C2C26E /* MessageCell.swift */,
				A09EAE9C1B1F53BA00D8BE93 /* Model.xcdatamodeld */,
				6CF92F2B1B1CA9330001EAF1 /* MessageTableCell.swift */,
				6CF92F2D1B1CABED0001EAF1 /* TestHomeScreenController.swift */,
				6CF92F291B1CA8A10001EAF1 /* ChatroomTableController.swift */,
				6CA783D51B19D3B3008DF4D9 /* MyEventsController.swift */,
				6CDF395A1B136B7F001CDF13 /* NewPostController.swift */,
				6CDF395C1B138BD2001CDF13 /* SettingsController.swift */,
				6C2456131B0B6FCC005DB245 /* Supporting Files */,
				6C2041A31B1D0EF700D5D198 /* User Data Model.xcdatamodeld */,
			);
			path = "Imperial Connections";
			sourceTree = "<group>";
		};
		6C2456131B0B6FCC005DB245 /* Supporting Files */ = {
			isa = PBXGroup;
			children = (
				6C2456141B0B6FCC005DB245 /* Info.plist */,
			);
			name = "Supporting Files";
			sourceTree = "<group>";
		};
		6C24562A1B0B6FCC005DB245 /* Imperial ConnectionsTests */ = {
			isa = PBXGroup;
			children = (
				6C24562D1B0B6FCC005DB245 /* Imperial_ConnectionsTests.swift */,
				6C24562B1B0B6FCC005DB245 /* Supporting Files */,
			);
			path = "Imperial ConnectionsTests";
			sourceTree = "<group>";
		};
		6C24562B1B0B6FCC005DB245 /* Supporting Files */ = {
			isa = PBXGroup;
			children = (
				6C24562C1B0B6FCC005DB245 /* Info.plist */,
			);
			name = "Supporting Files";
			sourceTree = "<group>";
		};
		6C5D7A0A1B1DE0A000C2C26E /* ClassFiles */ = {
			isa = PBXGroup;
			children = (
				6C5910E31B147F4100CA4F83 /* Event.swift */,
				6CF92F231B1C958D0001EAF1 /* Message.swift */,
				6C2041A21B1D0EF700D5D198 /* Settings.swift */,
				6C5910E71B1481A200CA4F83 /* Category.swift */,
				6C2041A11B1D0EF700D5D198 /* EventService.swift */,
				6CF92F251B1C962D0001EAF1 /* Chatroom.swift */,
				6C5910E11B147DCF00CA4F83 /* User.swift */,
			);
			name = ClassFiles;
			sourceTree = "<group>";
		};
/* End PBXGroup section */

/* Begin PBXNativeTarget section */
		6C24560F1B0B6FCB005DB245 /* Imperial Connections */ = {
			isa = PBXNativeTarget;
			buildConfigurationList = 6C2456311B0B6FCC005DB245 /* Build configuration list for PBXNativeTarget "Imperial Connections" */;
			buildPhases = (
				6C24560C1B0B6FCB005DB245 /* Sources */,
				6C24560D1B0B6FCB005DB245 /* Frameworks */,
				6C24560E1B0B6FCB005DB245 /* Resources */,
			);
			buildRules = (
			);
			dependencies = (
			);
			name = "Imperial Connections";
			productName = "Imperial Connections";
			productReference = 6C2456101B0B6FCC005DB245 /* Imperial Connections.app */;
			productType = "com.apple.product-type.application";
		};
		6C2456261B0B6FCC005DB245 /* Imperial ConnectionsTests */ = {
			isa = PBXNativeTarget;
			buildConfigurationList = 6C2456341B0B6FCC005DB245 /* Build configuration list for PBXNativeTarget "Imperial ConnectionsTests" */;
			buildPhases = (
				6C2456231B0B6FCC005DB245 /* Sources */,
				6C2456241B0B6FCC005DB245 /* Frameworks */,
				6C2456251B0B6FCC005DB245 /* Resources */,
			);
			buildRules = (
			);
			dependencies = (
				6C2456291B0B6FCC005DB245 /* PBXTargetDependency */,
			);
			name = "Imperial ConnectionsTests";
			productName = "Imperial ConnectionsTests";
			productReference = 6C2456271B0B6FCC005DB245 /* Imperial ConnectionsTests.xctest */;
			productType = "com.apple.product-type.bundle.unit-test";
		};
/* End PBXNativeTarget section */

/* Begin PBXProject section */
		6C2456081B0B6FCB005DB245 /* Project object */ = {
			isa = PBXProject;
			attributes = {
				LastUpgradeCheck = 0630;
				ORGANIZATIONNAME = "HJK Webapps";
				TargetAttributes = {
					6C24560F1B0B6FCB005DB245 = {
						CreatedOnToolsVersion = 6.3.1;
					};
					6C2456261B0B6FCC005DB245 = {
						CreatedOnToolsVersion = 6.3.1;
						TestTargetID = 6C24560F1B0B6FCB005DB245;
					};
				};
			};
			buildConfigurationList = 6C24560B1B0B6FCB005DB245 /* Build configuration list for PBXProject "Imperial Connections" */;
			compatibilityVersion = "Xcode 3.2";
			developmentRegion = English;
			hasScannedForEncodings = 0;
			knownRegions = (
				en,
				Base,
			);
			mainGroup = 6C2456071B0B6FCB005DB245;
			productRefGroup = 6C2456111B0B6FCC005DB245 /* Products */;
			projectDirPath = "";
			projectRoot = "";
			targets = (
				6C24560F1B0B6FCB005DB245 /* Imperial Connections */,
				6C2456261B0B6FCC005DB245 /* Imperial ConnectionsTests */,
			);
		};
/* End PBXProject section */

/* Begin PBXResourcesBuildPhase section */
		6C24560E1B0B6FCB005DB245 /* Resources */ = {
			isa = PBXResourcesBuildPhase;
			buildActionMask = 2147483647;
			files = (
				6C24561D1B0B6FCC005DB245 /* Main.storyboard in Resources */,
				6C2456221B0B6FCC005DB245 /* LaunchScreen.xib in Resources */,
				6C24561F1B0B6FCC005DB245 /* Images.xcassets in Resources */,
				6C2041A91B1D0F0700D5D198 /* backend in Resources */,
			);
			runOnlyForDeploymentPostprocessing = 0;
		};
		6C2456251B0B6FCC005DB245 /* Resources */ = {
			isa = PBXResourcesBuildPhase;
			buildActionMask = 2147483647;
			files = (
			);
			runOnlyForDeploymentPostprocessing = 0;
		};
/* End PBXResourcesBuildPhase section */

/* Begin PBXSourcesBuildPhase section */
		6C24560C1B0B6FCB005DB245 /* Sources */ = {
			isa = PBXSourcesBuildPhase;
			buildActionMask = 2147483647;
			files = (
				6C742B671B11F81700441707 /* HubController.swift in Sources */,
				6C5910E41B147F4100CA4F83 /* Event.swift in Sources */,
				6CF92F2C1B1CA9330001EAF1 /* ChatroomTableCell.swift in Sources */,
				6CF92F281B1C9C3F0001EAF1 /* ChatViewController.swift in Sources */,
				6CA783D61B19D3B3008DF4D9 /* MyEventsController.swift in Sources */,
				6CA783D81B19DBB7008DF4D9 /* EventDetailController.swift in Sources */,
				6C2041A71B1D0EF700D5D198 /* User Data Model.xcdatamodeld in Sources */,
				6C2041A51B1D0EF700D5D198 /* EventService.swift in Sources */,
				6CF92F2A1B1CA8A10001EAF1 /* ChatroomTableController.swift in Sources */,
				6C2041A61B1D0EF700D5D198 /* Settings.swift in Sources */,
				6CDF395B1B136B7F001CDF13 /* NewPostController.swift in Sources */,
				6C5D7A091B1DDFA700C2C26E /* MessageCell.swift in Sources */,
				6CF92F321B1CBD1D0001EAF1 /* CategoryCollectionCell.swift in Sources */,
				6CF92F261B1C962E0001EAF1 /* Chatroom.swift in Sources */,
				6CDF395D1B138BD2001CDF13 /* SettingsController.swift in Sources */,
				6CF92F2E1B1CABED0001EAF1 /* TestHomeScreenController.swift in Sources */,
				6C4C98A91B16276B00CBA12E /* EventCell.swift in Sources */,
				6C5910E21B147DCF00CA4F83 /* User.swift in Sources */,
				6C569EF01B1907960052CF75 /* EventCollectionController.swift in Sources */,
				6CF92F241B1C958D0001EAF1 /* Message.swift in Sources */,
				6C2456161B0B6FCC005DB245 /* AppDelegate.swift in Sources */,
				6C5910E81B1481A200CA4F83 /* Category.swift in Sources */,
				A09EAE9E1B1F53BA00D8BE93 /* Model.xcdatamodeld in Sources */,
				6CF92F301B1CB2240001EAF1 /* CategoryCell.swift in Sources */,
				6CF92F341B1CBE2E0001EAF1 /* ManageSubscriptionController.swift in Sources */,
			);
			runOnlyForDeploymentPostprocessing = 0;
		};
		6C2456231B0B6FCC005DB245 /* Sources */ = {
			isa = PBXSourcesBuildPhase;
			buildActionMask = 2147483647;
			files = (
				6C24562E1B0B6FCC005DB245 /* Imperial_ConnectionsTests.swift in Sources */,
			);
			runOnlyForDeploymentPostprocessing = 0;
		};
/* End PBXSourcesBuildPhase section */

/* Begin PBXTargetDependency section */
		6C2456291B0B6FCC005DB245 /* PBXTargetDependency */ = {
			isa = PBXTargetDependency;
			target = 6C24560F1B0B6FCB005DB245 /* Imperial Connections */;
			targetProxy = 6C2456281B0B6FCC005DB245 /* PBXContainerItemProxy */;
		};
/* End PBXTargetDependency section */

/* Begin PBXVariantGroup section */
		6C24561B1B0B6FCC005DB245 /* Main.storyboard */ = {
			isa = PBXVariantGroup;
			children = (
				6C24561C1B0B6FCC005DB245 /* Base */,
			);
			name = Main.storyboard;
			sourceTree = "<group>";
		};
		6C2456201B0B6FCC005DB245 /* LaunchScreen.xib */ = {
			isa = PBXVariantGroup;
			children = (
				6C2456211B0B6FCC005DB245 /* Base */,
			);
			name = LaunchScreen.xib;
			sourceTree = "<group>";
		};
/* End PBXVariantGroup section */

/* Begin XCBuildConfiguration section */
		6C24562F1B0B6FCC005DB245 /* Debug */ = {
			isa = XCBuildConfiguration;
			buildSettings = {
				ALWAYS_SEARCH_USER_PATHS = NO;
				CLANG_CXX_LANGUAGE_STANDARD = "gnu++0x";
				CLANG_CXX_LIBRARY = "libc++";
				CLANG_ENABLE_MODULES = YES;
				CLANG_ENABLE_OBJC_ARC = YES;
				CLANG_WARN_BOOL_CONVERSION = YES;
				CLANG_WARN_CONSTANT_CONVERSION = YES;
				CLANG_WARN_DIRECT_OBJC_ISA_USAGE = YES_ERROR;
				CLANG_WARN_EMPTY_BODY = YES;
				CLANG_WARN_ENUM_CONVERSION = YES;
				CLANG_WARN_INT_CONVERSION = YES;
				CLANG_WARN_OBJC_ROOT_CLASS = YES_ERROR;
				CLANG_WARN_UNREACHABLE_CODE = YES;
				CLANG_WARN__DUPLICATE_METHOD_MATCH = YES;
				"CODE_SIGN_IDENTITY[sdk=iphoneos*]" = "iPhone Developer";
				COPY_PHASE_STRIP = NO;
				DEBUG_INFORMATION_FORMAT = "dwarf-with-dsym";
				ENABLE_STRICT_OBJC_MSGSEND = YES;
				GCC_C_LANGUAGE_STANDARD = gnu99;
				GCC_DYNAMIC_NO_PIC = NO;
				GCC_NO_COMMON_BLOCKS = YES;
				GCC_OPTIMIZATION_LEVEL = 0;
				GCC_PREPROCESSOR_DEFINITIONS = (
					"DEBUG=1",
					"$(inherited)",
				);
				GCC_SYMBOLS_PRIVATE_EXTERN = NO;
				GCC_WARN_64_TO_32_BIT_CONVERSION = YES;
				GCC_WARN_ABOUT_RETURN_TYPE = YES_ERROR;
				GCC_WARN_UNDECLARED_SELECTOR = YES;
				GCC_WARN_UNINITIALIZED_AUTOS = YES_AGGRESSIVE;
				GCC_WARN_UNUSED_FUNCTION = YES;
				GCC_WARN_UNUSED_VARIABLE = YES;
				IPHONEOS_DEPLOYMENT_TARGET = 8.3;
				MTL_ENABLE_DEBUG_INFO = YES;
				ONLY_ACTIVE_ARCH = YES;
				SDKROOT = iphoneos;
				SWIFT_OPTIMIZATION_LEVEL = "-Onone";
				TARGETED_DEVICE_FAMILY = "1,2";
			};
			name = Debug;
		};
		6C2456301B0B6FCC005DB245 /* Release */ = {
			isa = XCBuildConfiguration;
			buildSettings = {
				ALWAYS_SEARCH_USER_PATHS = NO;
				CLANG_CXX_LANGUAGE_STANDARD = "gnu++0x";
				CLANG_CXX_LIBRARY = "libc++";
				CLANG_ENABLE_MODULES = YES;
				CLANG_ENABLE_OBJC_ARC = YES;
				CLANG_WARN_BOOL_CONVERSION = YES;
				CLANG_WARN_CONSTANT_CONVERSION = YES;
				CLANG_WARN_DIRECT_OBJC_ISA_USAGE = YES_ERROR;
				CLANG_WARN_EMPTY_BODY = YES;
				CLANG_WARN_ENUM_CONVERSION = YES;
				CLANG_WARN_INT_CONVERSION = YES;
				CLANG_WARN_OBJC_ROOT_CLASS = YES_ERROR;
				CLANG_WARN_UNREACHABLE_CODE = YES;
				CLANG_WARN__DUPLICATE_METHOD_MATCH = YES;
				"CODE_SIGN_IDENTITY[sdk=iphoneos*]" = "iPhone Developer";
				COPY_PHASE_STRIP = NO;
				DEBUG_INFORMATION_FORMAT = "dwarf-with-dsym";
				ENABLE_NS_ASSERTIONS = NO;
				ENABLE_STRICT_OBJC_MSGSEND = YES;
				GCC_C_LANGUAGE_STANDARD = gnu99;
				GCC_NO_COMMON_BLOCKS = YES;
				GCC_WARN_64_TO_32_BIT_CONVERSION = YES;
				GCC_WARN_ABOUT_RETURN_TYPE = YES_ERROR;
				GCC_WARN_UNDECLARED_SELECTOR = YES;
				GCC_WARN_UNINITIALIZED_AUTOS = YES_AGGRESSIVE;
				GCC_WARN_UNUSED_FUNCTION = YES;
				GCC_WARN_UNUSED_VARIABLE = YES;
				IPHONEOS_DEPLOYMENT_TARGET = 8.3;
				MTL_ENABLE_DEBUG_INFO = NO;
				SDKROOT = iphoneos;
				TARGETED_DEVICE_FAMILY = "1,2";
				VALIDATE_PRODUCT = YES;
			};
			name = Release;
		};
		6C2456321B0B6FCC005DB245 /* Debug */ = {
			isa = XCBuildConfiguration;
			buildSettings = {
				ASSETCATALOG_COMPILER_APPICON_NAME = AppIcon;
				INFOPLIST_FILE = "Imperial Connections/Info.plist";
				LD_RUNPATH_SEARCH_PATHS = "$(inherited) @executable_path/Frameworks";
				PRODUCT_NAME = "$(TARGET_NAME)";
			};
			name = Debug;
		};
		6C2456331B0B6FCC005DB245 /* Release */ = {
			isa = XCBuildConfiguration;
			buildSettings = {
				ASSETCATALOG_COMPILER_APPICON_NAME = AppIcon;
				INFOPLIST_FILE = "Imperial Connections/Info.plist";
				LD_RUNPATH_SEARCH_PATHS = "$(inherited) @executable_path/Frameworks";
				PRODUCT_NAME = "$(TARGET_NAME)";
			};
			name = Release;
		};
		6C2456351B0B6FCC005DB245 /* Debug */ = {
			isa = XCBuildConfiguration;
			buildSettings = {
				BUNDLE_LOADER = "$(TEST_HOST)";
				FRAMEWORK_SEARCH_PATHS = (
					"$(SDKROOT)/Developer/Library/Frameworks",
					"$(inherited)",
				);
				GCC_PREPROCESSOR_DEFINITIONS = (
					"DEBUG=1",
					"$(inherited)",
				);
				INFOPLIST_FILE = "Imperial ConnectionsTests/Info.plist";
				LD_RUNPATH_SEARCH_PATHS = "$(inherited) @executable_path/Frameworks @loader_path/Frameworks";
				PRODUCT_NAME = "$(TARGET_NAME)";
				TEST_HOST = "$(BUILT_PRODUCTS_DIR)/Imperial Connections.app/Imperial Connections";
			};
			name = Debug;
		};
		6C2456361B0B6FCC005DB245 /* Release */ = {
			isa = XCBuildConfiguration;
			buildSettings = {
				BUNDLE_LOADER = "$(TEST_HOST)";
				FRAMEWORK_SEARCH_PATHS = (
					"$(SDKROOT)/Developer/Library/Frameworks",
					"$(inherited)",
				);
				INFOPLIST_FILE = "Imperial ConnectionsTests/Info.plist";
				LD_RUNPATH_SEARCH_PATHS = "$(inherited) @executable_path/Frameworks @loader_path/Frameworks";
				PRODUCT_NAME = "$(TARGET_NAME)";
				TEST_HOST = "$(BUILT_PRODUCTS_DIR)/Imperial Connections.app/Imperial Connections";
			};
			name = Release;
		};
/* End XCBuildConfiguration section */

/* Begin XCConfigurationList section */
		6C24560B1B0B6FCB005DB245 /* Build configuration list for PBXProject "Imperial Connections" */ = {
			isa = XCConfigurationList;
			buildConfigurations = (
				6C24562F1B0B6FCC005DB245 /* Debug */,
				6C2456301B0B6FCC005DB245 /* Release */,
			);
			defaultConfigurationIsVisible = 0;
			defaultConfigurationName = Release;
		};
		6C2456311B0B6FCC005DB245 /* Build configuration list for PBXNativeTarget "Imperial Connections" */ = {
			isa = XCConfigurationList;
			buildConfigurations = (
				6C2456321B0B6FCC005DB245 /* Debug */,
				6C2456331B0B6FCC005DB245 /* Release */,
			);
			defaultConfigurationIsVisible = 0;
			defaultConfigurationName = Release;
		};
		6C2456341B0B6FCC005DB245 /* Build configuration list for PBXNativeTarget "Imperial ConnectionsTests" */ = {
			isa = XCConfigurationList;
			buildConfigurations = (
				6C2456351B0B6FCC005DB245 /* Debug */,
				6C2456361B0B6FCC005DB245 /* Release */,
			);
			defaultConfigurationIsVisible = 0;
			defaultConfigurationName = Release;
		};
/* End XCConfigurationList section */

/* Begin XCVersionGroup section */
		6C2041A31B1D0EF700D5D198 /* User Data Model.xcdatamodeld */ = {
			isa = XCVersionGroup;
			children = (
				6C2041A41B1D0EF700D5D198 /* User Data Model.xcdatamodel */,
			);
			currentVersion = 6C2041A41B1D0EF700D5D198 /* User Data Model.xcdatamodel */;
			path = "User Data Model.xcdatamodeld";
			sourceTree = "<group>";
			versionGroupType = wrapper.xcdatamodel;
		};
		A09EAE9C1B1F53BA00D8BE93 /* Model.xcdatamodeld */ = {
			isa = XCVersionGroup;
			children = (
				A09EAE9D1B1F53BA00D8BE93 /* Model.xcdatamodel */,
			);
			currentVersion = A09EAE9D1B1F53BA00D8BE93 /* Model.xcdatamodel */;
			path = Model.xcdatamodeld;
			sourceTree = "<group>";
			versionGroupType = wrapper.xcdatamodel;
		};
/* End XCVersionGroup section */
	};
	rootObject = 6C2456081B0B6FCB005DB245 /* Project object */;
}
